lockfileVersion: '9.0'

settings:
  autoInstallPeers: true
  excludeLinksFromLockfile: false

importers:

  .:
    devDependencies:
      oxfmt:
        specifier: 0.64.0
        version: 0.64.0
      publint:
        specifier: 0.3.24
        version: 0.3.24
      turbo:
        specifier: 2.10.11
        version: 2.10.11

  fonts/typeface-cisco-sans-tt: {}

  fonts/typeface-open-sauce-fonts: {}

  packages/css-reset: {}

packages:

  '@oxfmt/binding-android-arm-eabi@0.64.0':
    resolution: {integrity: sha512-o6uzh/jTOQeAY5TdkAeXdqv7MBRcPxiRA08zrcBtkKj5cSu/FMu0Hl7Q6Fi1KCKyCWZ6lJVjBzdsJvsKltUsGQ==}
    engines: {node: ^20.19.0 || >=22.12.0}
    cpu: [arm]
    os: [android]

  '@oxfmt/binding-android-arm64@0.64.0':
    resolution: {integrity: sha512-jRGSUeeP7p3Gynw2YaCVtjBIA6ZxY6bEB/ES5i54OhqmRTyuVg7ZgstEtzgq6GOAJd+2QZ5pvf+bFfmW5Mp9cw==}
    engines: {node: ^20.19.0 || >=22.12.0}
    cpu: [arm64]
    os: [android]

  '@oxfmt/binding-darwin-arm64@0.64.0':
    resolution: {integrity: sha512-JINwtU2lW7nOFSqi+H2qplipNUqah9Gc1jgGmB82kTD4UnZrZIVxCJ9qEmFiKfjNq27gYLFhrUb0to86aCwMjw==}
    engines: {node: ^20.19.0 || >=22.12.0}
    cpu: [arm64]
    os: [darwin]

  '@oxfmt/binding-darwin-x64@0.64.0':
    resolution: {integrity: sha512-gCmuswrgrOSajV4HCRFkVCGIruPq8bjYuPYgSE2WQB3mD6XrdyZ3JMSRZCkQ8zCxOyGWriBo6QoZ5nmMHQ1BfA==}
    engines: {node: ^20.19.0 || >=22.12.0}
    cpu: [x64]
    os: [darwin]

  '@oxfmt/binding-freebsd-x64@0.64.0':
    resolution: {integrity: sha512-Ab8g7a38pT0MMImjh7anRSTve6buWBIlcXIFBYa5xl4s6UxEgKSc2xOOhbGtLwvXnEi2PsEDGoJh3oUU7xkehQ==}
    engines: {node: ^20.19.0 || >=22.12.0}
    cpu: [x64]
    os: [freebsd]

  '@oxfmt/binding-linux-arm-gnueabihf@0.64.0':
    resolution: {integrity: sha512-BgvS3CoQ+Xy2deoZqEN8JVKabcCZi2RxA3yant8G9OAv9KuPJ9TCjHkqigzdHUVwErZxEP5d2bzLIEyKYyBDLg==}
    engines: {node: ^20.19.0 || >=22.12.0}
    cpu: [arm]
    os: [linux]

  '@oxfmt/binding-linux-arm-musleabihf@0.64.0':
    resolution: {integrity: sha512-QXpNxwoMj0YvnceCNZadNSden3bIcnvjn/sDp/rwZhRoZoZYGpHvtPyhGsdJz9uvT9GkaMW7SsLddurU56dt8w==}
    engines: {node: ^20.19.0 || >=22.12.0}
    cpu: [arm]
    os: [linux]

  '@oxfmt/binding-linux-arm64-gnu@0.64.0':
    resolution: {integrity: sha512-BBgH3I1ppDsI5pZ4Pdhw0ceYxwVCfbU/bZEBCeZ6caRS9x0ZabErxubP7riGUn11PXZBhe8DYdjkDKP1FlVQ5w==}
    engines: {node: ^20.19.0 || >=22.12.0}
    cpu: [arm64]
    os: [linux]
    libc: [glibc]

  '@oxfmt/binding-linux-arm64-musl@0.64.0':
    resolution: {integrity: sha512-v19HSjC/BGXdt26qEvKZtwAHgGmQ2Agcap2kQP+KIqoRZqivVzYth3ui2dJA1i+6/fjpjga85lIOaJJjQ/bOOw==}
    engines: {node: ^20.19.0 || >=22.12.0}
    cpu: [arm64]
    os: [linux]
    libc: [musl]

  '@oxfmt/binding-linux-ppc64-gnu@0.64.0':
    resolution: {integrity: sha512-PElLnOo4xFTBZrxPhgTIj0eHqZXwEBQoNWtb7facUV170T0B0FRET0iNbb3LUeLWTybkUW+vsdyv4ihOdyXGyw==}
    engines: {node: ^20.19.0 || >=22.12.0}
    cpu: [ppc64]
    os: [linux]
    libc: [glibc]

  '@oxfmt/binding-linux-riscv64-gnu@0.64.0':
    resolution: {integrity: sha512-Qzsg15n4F5CH+MorcRW4MkAEMiLzXmeG+DiDSbP/bBTqCmWOH3K9DHryNrve+JHlV0txS+B6Z9P5Xz+cmWeL+g==}
    engines: {node: ^20.19.0 || >=22.12.0}
    cpu: [riscv64]
    os: [linux]
    libc: [glibc]

  '@oxfmt/binding-linux-riscv64-musl@0.64.0':
    resolution: {integrity: sha512-/GZ358wnQ/Ez4UVnCcZIi56JkY0sOdZ+B108pqXKqZz3jLS59F4KEAB1Qv3fRlObrFEk+3L2vUQ/xoPx+3vjXw==}
    engines: {node: ^20.19.0 || >=22.12.0}
    cpu: [riscv64]
    os: [linux]
    libc: [musl]

  '@oxfmt/binding-linux-s390x-gnu@0.64.0':
    resolution: {integrity: sha512-/C9We3DXegowfLXtVCYHeNiU9azwCDr5cQkEtCVlc74vyn+lLQSPApJ1CZmxAduqeq/Oi3gQ+IVptyhCaTMtkQ==}
    engines: {node: ^20.19.0 || >=22.12.0}
    cpu: [s390x]
    os: [linux]
    libc: [glibc]

  '@oxfmt/binding-linux-x64-gnu@0.64.0':
    resolution: {integrity: sha512-91KM2CeRWscIEHlj1NsW2WSnzGeq1Ehq+39bfDowTdkn+fcvK/x4Y1RcyqT7glyBjZio0ldkeCG6Usj3v7ASog==}
    engines: {node: ^20.19.0 || >=22.12.0}
    cpu: [x64]
    os: [linux]
    libc: [glibc]

  '@oxfmt/binding-linux-x64-musl@0.64.0':
    resolution: {integrity: sha512-gw7uEk9I+7zoT1EYLra1eWArIzNcz8e3jkv+Noo2+o2T7wPvsNSQbfoa4DSfZlvn1i6mJ05RiZ4/omaXPDNhQg==}
    engines: {node: ^20.19.0 || >=22.12.0}
    cpu: [x64]
    os: [linux]
    libc: [musl]

  '@oxfmt/binding-openharmony-arm64@0.64.0':
    resolution: {integrity: sha512-HYHFf616FHSPSO07c09mjmXBfQ73wIVM3m0txOiooa5XZkGoxFd6B14PVj0LB0DXIqJ6wAO/dDR/NX/5UUaqnw==}
    engines: {node: ^20.19.0 || >=22.12.0}
    cpu: [arm64]
    os: [openharmony]

  '@oxfmt/binding-win32-arm64-msvc@0.64.0':
    resolution: {integrity: sha512-uQjFp081IZSWD6VAofX2iO2z01awAdHmfC+NrieWIPKrT2hZKQDyq/U18M7ifC0sm0Wz8aHY/p6+FDYIzs/CrQ==}
    engines: {node: ^20.19.0 || >=22.12.0}
    cpu: [arm64]
    os: [win32]

  '@oxfmt/binding-win32-ia32-msvc@0.64.0':
    resolution: {integrity: sha512-lNM6byTAQ881jugzFu8juJTbNRgsUTlswMA6pJmwi1XDvmIqnnb49lcUAs5gz94fCJLrVN+/X3s3jOKqx23WIQ==}
    engines: {node: ^20.19.0 || >=22.12.0}
    cpu: [ia32]
    os: [win32]

  '@oxfmt/binding-win32-x64-msvc@0.64.0':
    resolution: {integrity: sha512-BtmbtL/QjMtF1a6C3CqoDluH2IfB6fJt62E+B9RFfUPtFk4Iz9PFS6+y/SzzOvSxc7aUk2Kphwg7Dh8lMbwu6g==}
    engines: {node: ^20.19.0 || >=22.12.0}
    cpu: [x64]
    os: [win32]

  '@publint/pack@0.1.7':
    resolution: {integrity: sha512-4EDEmvxWtgsCnnVeBvtFIFZtUhPPt1+bA9JrSwU4Sa//6oKtzCSlGGXYJr44OD9aGISymbieJ4mCKHUygUDU+g==}
    engines: {node: '>=18'}

  '@turbo/darwin-64@2.10.11':
    resolution: {integrity: sha512-v3R+1R/Ysozyo+p7Ri8MCIbndOvYt3DgPFrGLhrhQHfvyvbxyH3WyJj+A/2JTNmNleuAlh3JUyCV0iSVHIONTA==}
    cpu: [x64]
    os: [darwin]

  '@turbo/darwin-arm64@2.10.11':
    resolution: {integrity: sha512-R0a0CvGAeYYsBgPIgFNB3agGXh6qukjduNhFlwVVX1Ss2IdBJLXmgjytNGmo084bLKS0B6UdLRwKhXMHKKaObQ==}
    cpu: [arm64]
    os: [darwin]

  '@turbo/linux-64@2.10.11':
    resolution: {integrity: sha512-dGlY2vg7jpsLjGS1bf9sD/cw1sGMAYbeHGQKGRFxd5Zaj+Ufbj8cNXl/vIit8ueCU97zhL/znn60ZV5iSfZAxw==}
    cpu: [x64]
    os: [android, linux]

  '@turbo/linux-arm64@2.10.11':
    resolution: {integrity: sha512-eSP9+jjsSCBs2x0QpJZlp49dSD1EIMwXH7PsMIhdWk7w6IThhuKJ+jL95JQ2IW7tRjRmdh8gKcKQtrHLD5R5lA==}
    cpu: [arm64]
    os: [android, linux]

  '@turbo/windows-64@2.10.11':
    resolution: {integrity: sha512-4aD7edogJ8arK8DOyvjTI2KKwmchD5M/WM4BZgidrtFf7aSgn8Ce2rJnDwmriw980c2cKlHnhXtlGy38VtKB8g==}
    cpu: [x64]
    os: [win32]

  '@turbo/windows-arm64@2.10.11':
    resolution: {integrity: sha512-m8tJkIrTrbQ9O1uHxV0GUq623Zg1678xGna8eMsy4KbygUX/wVFgdZDYV/AxyoyaW/U7nyKoBvaDVwm22p9xqA==}
    cpu: [arm64]
    os: [win32]

  mri@1.2.0:
    resolution: {integrity: sha512-tzzskb3bG8LvYGFF/mDTpq3jpI6Q9wc3LEmBaghu+DdCssd1FakN7Bc0hVNmEyGq1bq3RgfkCb3cmQLpNPOroA==}
    engines: {node: '>=4'}

  oxfmt@0.64.0:
    resolution: {integrity: sha512-XZ4GFBN/PLbXKq+0zrgpQfPKYuJlUuj+nzZJY7UpIbFMNyefNLCdN9EwViycNqnYcv0wrn0jXcQLlqJp8RCKBg==}
    engines: {node: ^20.19.0 || >=22.12.0}
    hasBin: true
    peerDependencies:
      svelte: ^5.0.0
      vite-plus: '*'
    peerDependenciesMeta:
      svelte:
        optional: true
      vite-plus:
        optional: true

  package-manager-detector@1.8.0:
    resolution: {integrity: sha512-yQA4H19AmPEoMUeavPMDIe1higySl/gH/yaQrkT/s07Qp+7pp2hYz30N3z2l5BkjVkF9Ow6o0wjJamm2y7Sn0A==}

  picocolors@1.1.1:
    resolution: {integrity: sha512-xceH2snhtb5M9liqDsmEw56le376mTZkEX/jEb/RxNFyegNul7eNslCXP9FDj/Lcu0X8KEyMceP2ntpaHrDEVA==}

  publint@0.3.24:
    resolution: {integrity: sha512-9zS56KrKBoqi5Qt8h92uMP8TTM9AYZSgnmCo4u2priMqkOZvQnTsziZ2p5LJ2ywbYkAjoCDp2jda9u4cgFefIw==}
    engines: {node: '>=18'}
    hasBin: true

  sade@1.8.1:
    resolution: {integrity: sha512-xal3CZX1Xlo/k4ApwCFrHVACi9fBqJ7V+mwhBsuf/1IOKbBy098Fex+Wa/5QMubw09pSZ/u8EY8PWgevJsXp1A==}
    engines: {node: '>=6'}

  tinyexec@1.3.0:
    resolution: {integrity: sha512-QKAl9m8gWWGHV8jZcPeym6j+XULi6tOf1mT83WYJ4Lk2ytW/uwAWkrP0uFsdoYMdueVJ0qs26wZ+23xeB4ibNQ==}
    engines: {node: '>=18'}

  tinypool@2.1.0:
    resolution: {integrity: sha512-Pugqs6M0m7Lv1I7FtxN4aoyToKg1C4tu+/381vH35y8oENM/Ai7f7C4StcoK4/+BSw9ebcS8jRiVrORFKCALLw==}
    engines: {node: ^20.0.0 || >=22.0.0}

  turbo@2.10.11:
    resolution: {integrity: sha512-yQfwQVoRXwOuyX1LxiJFBFNg6VfuYh+/RyZLd82+isgyLkBXw3S5XRRzvcck1FAjSCG5sVyLd+O1eDMvYa3J7g==}
    hasBin: true

snapshots:

  '@oxfmt/binding-android-arm-eabi@0.64.0':
    optional: true

  '@oxfmt/binding-android-arm64@0.64.0':
    optional: true

  '@oxfmt/binding-darwin-arm64@0.64.0':
    optional: true

  '@oxfmt/binding-darwin-x64@0.64.0':
    optional: true

  '@oxfmt/binding-freebsd-x64@0.64.0':
    optional: true

  '@oxfmt/binding-linux-arm-gnueabihf@0.64.0':
    optional: true

  '@oxfmt/binding-linux-arm-musleabihf@0.64.0':
    optional: true

  '@oxfmt/binding-linux-arm64-gnu@0.64.0':
    optional: true

  '@oxfmt/binding-linux-arm64-musl@0.64.0':
    optional: true

  '@oxfmt/binding-linux-ppc64-gnu@0.64.0':
    optional: true

  '@oxfmt/binding-linux-riscv64-gnu@0.64.0':
    optional: true

  '@oxfmt/binding-linux-riscv64-musl@0.64.0':
    optional: true

  '@oxfmt/binding-linux-s390x-gnu@0.64.0':
    optional: true

  '@oxfmt/binding-linux-x64-gnu@0.64.0':
    optional: true

  '@oxfmt/binding-linux-x64-musl@0.64.0':
    optional: true

  '@oxfmt/binding-openharmony-arm64@0.64.0':
    optional: true

  '@oxfmt/binding-win32-arm64-msvc@0.64.0':
    optional: true

  '@oxfmt/binding-win32-ia32-msvc@0.64.0':
    optional: true

  '@oxfmt/binding-win32-x64-msvc@0.64.0':
    optional: true

  '@publint/pack@0.1.7':
    dependencies:
      tinyexec: 1.3.0

  '@turbo/darwin-64@2.10.11':
    optional: true

  '@turbo/darwin-arm64@2.10.11':
    optional: true

  '@turbo/linux-64@2.10.11':
    optional: true

  '@turbo/linux-arm64@2.10.11':
    optional: true

  '@turbo/windows-64@2.10.11':
    optional: true

  '@turbo/windows-arm64@2.10.11':
    optional: true

  mri@1.2.0: {}

  oxfmt@0.64.0:
    dependencies:
      tinypool: 2.1.0
    optionalDependencies:
      '@oxfmt/binding-android-arm-eabi': 0.64.0
      '@oxfmt/binding-android-arm64': 0.64.0
      '@oxfmt/binding-darwin-arm64': 0.64.0
      '@oxfmt/binding-darwin-x64': 0.64.0
      '@oxfmt/binding-freebsd-x64': 0.64.0
      '@oxfmt/binding-linux-arm-gnueabihf': 0.64.0
      '@oxfmt/binding-linux-arm-musleabihf': 0.64.0
      '@oxfmt/binding-linux-arm64-gnu': 0.64.0
      '@oxfmt/binding-linux-arm64-musl': 0.64.0
      '@oxfmt/binding-linux-ppc64-gnu': 0.64.0
      '@oxfmt/binding-linux-riscv64-gnu': 0.64.0
      '@oxfmt/binding-linux-riscv64-musl': 0.64.0
      '@oxfmt/binding-linux-s390x-gnu': 0.64.0
      '@oxfmt/binding-linux-x64-gnu': 0.64.0
      '@oxfmt/binding-linux-x64-musl': 0.64.0
      '@oxfmt/binding-openharmony-arm64': 0.64.0
      '@oxfmt/binding-win32-arm64-msvc': 0.64.0
      '@oxfmt/binding-win32-ia32-msvc': 0.64.0
      '@oxfmt/binding-win32-x64-msvc': 0.64.0

  package-manager-detector@1.8.0: {}

  picocolors@1.1.1: {}

  publint@0.3.24:
    dependencies:
      '@publint/pack': 0.1.7
      package-manager-detector: 1.8.0
      picocolors: 1.1.1
      sade: 1.8.1

  sade@1.8.1:
    dependencies:
      mri: 1.2.0

  tinyexec@1.3.0: {}

  tinypool@2.1.0: {}

  turbo@2.10.11:
    optionalDependencies:
      '@turbo/darwin-64': 2.10.11
      '@turbo/darwin-arm64': 2.10.11
      '@turbo/linux-64': 2.10.11
      '@turbo/linux-arm64': 2.10.11
      '@turbo/windows-64': 2.10.11
      '@turbo/windows-arm64': 2.10.11
