lockfileVersion: '9.0'

settings:
  autoInstallPeers: true
  excludeLinksFromLockfile: false

importers:

  .:
    devDependencies:
      oxfmt:
        specifier: 0.62.0
        version: 0.62.0
      publint:
        specifier: 0.3.23
        version: 0.3.23
      turbo:
        specifier: 2.10.8
        version: 2.10.8

  fonts/typeface-cisco-sans-tt: {}

  fonts/typeface-open-sauce-fonts: {}

  packages/css-reset: {}

packages:

  '@oxfmt/binding-android-arm-eabi@0.62.0':
    resolution: {integrity: sha512-pdsv0C4gPjJ8H1+sd8u0BDx+yLACTL+rgeMIOL1ln4ihSnhw8CWXtYWgvcSkyTfgGBIzFKab+d8rx9Xl4en/Kw==}
    engines: {node: ^20.19.0 || >=22.12.0}
    cpu: [arm]
    os: [android]

  '@oxfmt/binding-android-arm64@0.62.0':
    resolution: {integrity: sha512-WC3YQ7uS/KtDrjmqwBviwFKe9qeoi+eXx8aX1z/ffG23Md75myjrJaQqTuJvdOLPoa4EYTjDWH0dHXfwulCVog==}
    engines: {node: ^20.19.0 || >=22.12.0}
    cpu: [arm64]
    os: [android]

  '@oxfmt/binding-darwin-arm64@0.62.0':
    resolution: {integrity: sha512-GM8Yf3LjjaR1I8PD0SfeoIlwhsh9GvSF+cQ8sf624Yxnjsyumn95aFzYfKJVefblfDIiOAnZ7QVm2sa21Er/0Q==}
    engines: {node: ^20.19.0 || >=22.12.0}
    cpu: [arm64]
    os: [darwin]

  '@oxfmt/binding-darwin-x64@0.62.0':
    resolution: {integrity: sha512-d5THp7F8bCxLqNogEXDORRsQD6dosf3EyFtnXfBer6v+8tGdcWIjoDX9WaXrrF/26zOmL8qHpPTKCEvpBDmZkQ==}
    engines: {node: ^20.19.0 || >=22.12.0}
    cpu: [x64]
    os: [darwin]

  '@oxfmt/binding-freebsd-x64@0.62.0':
    resolution: {integrity: sha512-1DnrtXGZooOZ0fHgAXZUaDQzBVh1CM2MNW4oBXyQ2aWKvCHjyljvT9fgBkOM0fEOb96X5eqtcfJ0YUVt9jj66g==}
    engines: {node: ^20.19.0 || >=22.12.0}
    cpu: [x64]
    os: [freebsd]

  '@oxfmt/binding-linux-arm-gnueabihf@0.62.0':
    resolution: {integrity: sha512-4pQDHOYRH+Huqe0StIaWyvk2CVl/aTaqSrbZpA3/pLS2xH24ME7lBgYprhQF2fRkHBzhGGGKliwxFsDdHwx59g==}
    engines: {node: ^20.19.0 || >=22.12.0}
    cpu: [arm]
    os: [linux]

  '@oxfmt/binding-linux-arm-musleabihf@0.62.0':
    resolution: {integrity: sha512-X0jAaZJFMCVKhB6YyWVTQ/wN2DLsBcZKSMqTS76bF6riT+XZdtg2FPEdjDvdVbunO9cG+tWiVaEs4Zs38lxYog==}
    engines: {node: ^20.19.0 || >=22.12.0}
    cpu: [arm]
    os: [linux]

  '@oxfmt/binding-linux-arm64-gnu@0.62.0':
    resolution: {integrity: sha512-682Z8T5s8T5ATArYtsejKvbIfd8LEAXyyDkKkoZVq8HND7Vx8TYLlrDjDSeYfodMeVwHOgkj13lJYR8cj6vUSg==}
    engines: {node: ^20.19.0 || >=22.12.0}
    cpu: [arm64]
    os: [linux]
    libc: [glibc]

  '@oxfmt/binding-linux-arm64-musl@0.62.0':
    resolution: {integrity: sha512-lk25fAl7KWaLWVJcW0CHEXB7QlQZtx5eDkjpaGMK0hzXTjUe0Wmlu8IKuFHoviSOcEJedRTs4VE/506VqGxGew==}
    engines: {node: ^20.19.0 || >=22.12.0}
    cpu: [arm64]
    os: [linux]
    libc: [musl]

  '@oxfmt/binding-linux-ppc64-gnu@0.62.0':
    resolution: {integrity: sha512-SFyNqHQLwySceWNLhiSldx7wPXRAzP0L0WcW9GegP3uWrpZGJiZlQO85NbHAFPEfxR9PhZ9qSnZryEh7+v+4Gw==}
    engines: {node: ^20.19.0 || >=22.12.0}
    cpu: [ppc64]
    os: [linux]
    libc: [glibc]

  '@oxfmt/binding-linux-riscv64-gnu@0.62.0':
    resolution: {integrity: sha512-KYj55C1ywJfHo6+aKDuEmUtVEdJALsC5GwayDGsI6FGz2GxFqNr/mA8nxVsNbJzm7sE5MRqTQ9ziImSzhYXysA==}
    engines: {node: ^20.19.0 || >=22.12.0}
    cpu: [riscv64]
    os: [linux]
    libc: [glibc]

  '@oxfmt/binding-linux-riscv64-musl@0.62.0':
    resolution: {integrity: sha512-BhZDNo5GOU5nC378RhD0/XpvaEBHsH3HLgJp8YZX3A0InC7oivzA63HsRmiXFLtLSHAstEVrDf6fbC7Rs8Jh/A==}
    engines: {node: ^20.19.0 || >=22.12.0}
    cpu: [riscv64]
    os: [linux]
    libc: [musl]

  '@oxfmt/binding-linux-s390x-gnu@0.62.0':
    resolution: {integrity: sha512-UyAFmyHkgSgUJ/wOM4p3U8AC2yAFvRH5PNBs7TnK0fObTT/XSWcdr/lAzPSWaekHaZFaMeFZyk9n93Joq3J93A==}
    engines: {node: ^20.19.0 || >=22.12.0}
    cpu: [s390x]
    os: [linux]
    libc: [glibc]

  '@oxfmt/binding-linux-x64-gnu@0.62.0':
    resolution: {integrity: sha512-1iYMP0leytWazFubD/WnINJuIrzRPuoL1aWEJdlGezEzDbTxcd29R4r8IUzP2oWeKst5V02uMJgR2NILlPlG6w==}
    engines: {node: ^20.19.0 || >=22.12.0}
    cpu: [x64]
    os: [linux]
    libc: [glibc]

  '@oxfmt/binding-linux-x64-musl@0.62.0':
    resolution: {integrity: sha512-4rA/URtJSTVNVAQz6Q8wf7SaRvOXVy+TizriT9hs/Y1XhLR/R+92uWKRQG8yFWRAIEBbFHJ6WevQcl/G9SXEfw==}
    engines: {node: ^20.19.0 || >=22.12.0}
    cpu: [x64]
    os: [linux]
    libc: [musl]

  '@oxfmt/binding-openharmony-arm64@0.62.0':
    resolution: {integrity: sha512-mSZuFHU2ar1KLUjXpI2QBQcJ1VsOB3mOCgQXuXCpKs19dgh4u+OaovNfrWDfiJb+ihJ2+f7YFcaO9bS2dlTCXA==}
    engines: {node: ^20.19.0 || >=22.12.0}
    cpu: [arm64]
    os: [openharmony]

  '@oxfmt/binding-win32-arm64-msvc@0.62.0':
    resolution: {integrity: sha512-OfwuhkcjDlqC4EgDojtiV9mzpLqeB9KqTOWPOjLEYBVdDCVSxqW3qzp/xcIxsbtI0UgGCnKvAqYKyY25kf5JZw==}
    engines: {node: ^20.19.0 || >=22.12.0}
    cpu: [arm64]
    os: [win32]

  '@oxfmt/binding-win32-ia32-msvc@0.62.0':
    resolution: {integrity: sha512-P9uDDNFRzghO3X8QAzhkjKhK7JvtABsVn8UYtFX7uor12IAnwNt8nNIctvfWj1JkQU/kE+fmLRPiw7XlrIHsZw==}
    engines: {node: ^20.19.0 || >=22.12.0}
    cpu: [ia32]
    os: [win32]

  '@oxfmt/binding-win32-x64-msvc@0.62.0':
    resolution: {integrity: sha512-dlI5SY7XYQCiCBafntWagCR6HcAJB/NpsLtdlPx8x08+Osz8Ok1HHz1GZuusegCe/VoJ6pAnF5a4pd5OZAq7qQ==}
    engines: {node: ^20.19.0 || >=22.12.0}
    cpu: [x64]
    os: [win32]

  '@publint/pack@0.1.6':
    resolution: {integrity: sha512-3uVNyGcVplhPZSLVyeIpL7+cIRn1YCSNHLG/rUIlBQMVH8YuN9++YF+5+UDIIO9RW98dujiUoTltO7RDB5bFJA==}
    engines: {node: '>=18'}

  '@turbo/darwin-64@2.10.8':
    resolution: {integrity: sha512-po+7rfJfUnFXjWlcoN2RwhErgzCdRtBc1T26vYPcywHlggmCQiQe1uWaE4j+BibI2uY9/2pDoFzMN0rmSaPFOw==}
    cpu: [x64]
    os: [darwin]

  '@turbo/darwin-arm64@2.10.8':
    resolution: {integrity: sha512-+zB2btDJ00lnPRuqOvpVvgl4x34k/djZQGZTTCfjn7JgNCl8QFY5Njo5+dqkY1g/+9gbbsnAvWm9CmJg9ebcXA==}
    cpu: [arm64]
    os: [darwin]

  '@turbo/linux-64@2.10.8':
    resolution: {integrity: sha512-K1dxqiVisyN7cViVsfQLs6xscQbYuI8aO2nbUhFURDACgEDfZRdP/b4CCxeosBJpcMfhYyiibWqJorCnvz9kKg==}
    cpu: [x64]
    os: [android, linux]

  '@turbo/linux-arm64@2.10.8':
    resolution: {integrity: sha512-Gi77ibVnrE1fEmvr+/wBD/yvRqhwp/RQuCp2+//lv1U1wNFFyVg0V7Wj8FG9FXPFAw5QHReo8rxc9+wBSDZjzA==}
    cpu: [arm64]
    os: [android, linux]

  '@turbo/windows-64@2.10.8':
    resolution: {integrity: sha512-znnLO1haJPYTHoKMKwlAvlkjRiYbbhBzME6wIGaMd+fwir23U6jVd1ecaTWWi1fbnRVqxMfgDBKseQ/hLKb83g==}
    cpu: [x64]
    os: [win32]

  '@turbo/windows-arm64@2.10.8':
    resolution: {integrity: sha512-VN30vh3b3Czh2WzYHNTfF1FE0YMZ5aHsLO8dBMGHJewA6792wX6iJR8ZxlzFW6WdOu0gEAKIvlYhfyT81Wkm4Q==}
    cpu: [arm64]
    os: [win32]

  mri@1.2.0:
    resolution: {integrity: sha512-tzzskb3bG8LvYGFF/mDTpq3jpI6Q9wc3LEmBaghu+DdCssd1FakN7Bc0hVNmEyGq1bq3RgfkCb3cmQLpNPOroA==}
    engines: {node: '>=4'}

  oxfmt@0.62.0:
    resolution: {integrity: sha512-vxgGHTmnDU9j4CX7dDBLzxgmHxfda/yPcgJkGCMUSCwRmz+euo/V08xXLNgXTeqAB9Fhf3Pe2nO1RNKLCVgphQ==}
    engines: {node: ^20.19.0 || >=22.12.0}
    hasBin: true
    peerDependencies:
      svelte: ^5.0.0
      vite-plus: '*'
    peerDependenciesMeta:
      svelte:
        optional: true
      vite-plus:
        optional: true

  package-manager-detector@1.8.0:
    resolution: {integrity: sha512-yQA4H19AmPEoMUeavPMDIe1higySl/gH/yaQrkT/s07Qp+7pp2hYz30N3z2l5BkjVkF9Ow6o0wjJamm2y7Sn0A==}

  picocolors@1.1.1:
    resolution: {integrity: sha512-xceH2snhtb5M9liqDsmEw56le376mTZkEX/jEb/RxNFyegNul7eNslCXP9FDj/Lcu0X8KEyMceP2ntpaHrDEVA==}

  publint@0.3.23:
    resolution: {integrity: sha512-5MQipUPcB7MWw84zLUkHrg/H/UBtk3LL+A0GngTTBSsiNJLQurMUaSIRG3edlOrRz4UFe0AOKK9TZdIWviV+jQ==}
    engines: {node: '>=18'}
    hasBin: true

  sade@1.8.1:
    resolution: {integrity: sha512-xal3CZX1Xlo/k4ApwCFrHVACi9fBqJ7V+mwhBsuf/1IOKbBy098Fex+Wa/5QMubw09pSZ/u8EY8PWgevJsXp1A==}
    engines: {node: '>=6'}

  tinyexec@1.3.0:
    resolution: {integrity: sha512-QKAl9m8gWWGHV8jZcPeym6j+XULi6tOf1mT83WYJ4Lk2ytW/uwAWkrP0uFsdoYMdueVJ0qs26wZ+23xeB4ibNQ==}
    engines: {node: '>=18'}

  tinypool@2.1.0:
    resolution: {integrity: sha512-Pugqs6M0m7Lv1I7FtxN4aoyToKg1C4tu+/381vH35y8oENM/Ai7f7C4StcoK4/+BSw9ebcS8jRiVrORFKCALLw==}
    engines: {node: ^20.0.0 || >=22.0.0}

  turbo@2.10.8:
    resolution: {integrity: sha512-9+8YX5QOkGXzZxcIykTHgaooRHGMWO+jfdyRK0o+rN0U7hBIig2MrJ8r/aNzIPDPhdA73SGb0O+tIztaModTMg==}
    hasBin: true

snapshots:

  '@oxfmt/binding-android-arm-eabi@0.62.0':
    optional: true

  '@oxfmt/binding-android-arm64@0.62.0':
    optional: true

  '@oxfmt/binding-darwin-arm64@0.62.0':
    optional: true

  '@oxfmt/binding-darwin-x64@0.62.0':
    optional: true

  '@oxfmt/binding-freebsd-x64@0.62.0':
    optional: true

  '@oxfmt/binding-linux-arm-gnueabihf@0.62.0':
    optional: true

  '@oxfmt/binding-linux-arm-musleabihf@0.62.0':
    optional: true

  '@oxfmt/binding-linux-arm64-gnu@0.62.0':
    optional: true

  '@oxfmt/binding-linux-arm64-musl@0.62.0':
    optional: true

  '@oxfmt/binding-linux-ppc64-gnu@0.62.0':
    optional: true

  '@oxfmt/binding-linux-riscv64-gnu@0.62.0':
    optional: true

  '@oxfmt/binding-linux-riscv64-musl@0.62.0':
    optional: true

  '@oxfmt/binding-linux-s390x-gnu@0.62.0':
    optional: true

  '@oxfmt/binding-linux-x64-gnu@0.62.0':
    optional: true

  '@oxfmt/binding-linux-x64-musl@0.62.0':
    optional: true

  '@oxfmt/binding-openharmony-arm64@0.62.0':
    optional: true

  '@oxfmt/binding-win32-arm64-msvc@0.62.0':
    optional: true

  '@oxfmt/binding-win32-ia32-msvc@0.62.0':
    optional: true

  '@oxfmt/binding-win32-x64-msvc@0.62.0':
    optional: true

  '@publint/pack@0.1.6':
    dependencies:
      tinyexec: 1.3.0

  '@turbo/darwin-64@2.10.8':
    optional: true

  '@turbo/darwin-arm64@2.10.8':
    optional: true

  '@turbo/linux-64@2.10.8':
    optional: true

  '@turbo/linux-arm64@2.10.8':
    optional: true

  '@turbo/windows-64@2.10.8':
    optional: true

  '@turbo/windows-arm64@2.10.8':
    optional: true

  mri@1.2.0: {}

  oxfmt@0.62.0:
    dependencies:
      tinypool: 2.1.0
    optionalDependencies:
      '@oxfmt/binding-android-arm-eabi': 0.62.0
      '@oxfmt/binding-android-arm64': 0.62.0
      '@oxfmt/binding-darwin-arm64': 0.62.0
      '@oxfmt/binding-darwin-x64': 0.62.0
      '@oxfmt/binding-freebsd-x64': 0.62.0
      '@oxfmt/binding-linux-arm-gnueabihf': 0.62.0
      '@oxfmt/binding-linux-arm-musleabihf': 0.62.0
      '@oxfmt/binding-linux-arm64-gnu': 0.62.0
      '@oxfmt/binding-linux-arm64-musl': 0.62.0
      '@oxfmt/binding-linux-ppc64-gnu': 0.62.0
      '@oxfmt/binding-linux-riscv64-gnu': 0.62.0
      '@oxfmt/binding-linux-riscv64-musl': 0.62.0
      '@oxfmt/binding-linux-s390x-gnu': 0.62.0
      '@oxfmt/binding-linux-x64-gnu': 0.62.0
      '@oxfmt/binding-linux-x64-musl': 0.62.0
      '@oxfmt/binding-openharmony-arm64': 0.62.0
      '@oxfmt/binding-win32-arm64-msvc': 0.62.0
      '@oxfmt/binding-win32-ia32-msvc': 0.62.0
      '@oxfmt/binding-win32-x64-msvc': 0.62.0

  package-manager-detector@1.8.0: {}

  picocolors@1.1.1: {}

  publint@0.3.23:
    dependencies:
      '@publint/pack': 0.1.6
      package-manager-detector: 1.8.0
      picocolors: 1.1.1
      sade: 1.8.1

  sade@1.8.1:
    dependencies:
      mri: 1.2.0

  tinyexec@1.3.0: {}

  tinypool@2.1.0: {}

  turbo@2.10.8:
    optionalDependencies:
      '@turbo/darwin-64': 2.10.8
      '@turbo/darwin-arm64': 2.10.8
      '@turbo/linux-64': 2.10.8
      '@turbo/linux-arm64': 2.10.8
      '@turbo/windows-64': 2.10.8
      '@turbo/windows-arm64': 2.10.8
